github.com/Tiril14/funtemps v0.0.0-20230413095126-b9c5ca43690f h1:sXpX7igm7KKrD20ol2AM31RbgtrSBAugS1av5PA7SJA=
github.com/Tiril14/funtemps v0.0.0-20230413095126-b9c5ca43690f/go.mod h1:MmxpGsqmVIowUGZ8dN0NaDtW5NOZVQO+sE0KUmzzqZg=
github.com/Tiril14/is105sem03 v0.0.0-20230420115722-d536c27e936f h1:cgmmAtn6pLzrrVLRGtNOszZd4kntZPWHwfQ803/IjAE=
github.com/Tiril14/is105sem03 v0.0.0-20230420115722-d536c27e936f/go.mod h1:XKuZR8kHmCT/F8CRSIh1sLttOZcZtsZ9fspjxilkndM=
